
Microsoft Visual Studio Solution File, Format Version 12.00
# Visual Studio Version 17
VisualStudioVersion = 17.2.32630.192
MinimumVisualStudioVersion = 10.0.40219.1
Project("{FAE04EC0-301F-11D3-BF4B-00C04F79EFBC}") = "freemode", "freemode\freemode.csproj", "{964879CF-90DB-4039-9BEA-7F6B614A8740}"
EndProject
Global
	GlobalSection(SolutionConfigurationPlatforms) = preSolution
		Debug|Any CPU = Debug|Any CPU
		Release|Any CPU = Release|Any CPU
	EndGlobalSection
	GlobalSection(ProjectConfigurationPlatforms) = postSolution
		{964879CF-90DB-4039-9BEA-7F6B614A8740}.Debug|Any CPU.ActiveCfg = Debug|Any CPU
		{964879CF-90DB-4039-9BEA-7F6B614A8740}.Debug|Any CPU.Build.0 = Debug|Any CPU
		{964879CF-90DB-4039-9BEA-7F6B614A8740}.Release|Any CPU.ActiveCfg = Release|Any CPU
		{964879CF-90DB-4039-9BEA-7F6B614A8740}.Release|Any CPU.Build.0 = Release|Any CPU
	EndGlobalSection
	GlobalSection(SolutionProperties) = preSolution
		HideSolutionNode = FALSE
	EndGlobalSection
	GlobalSection(ExtensibilityGlobals) = postSolution
		SolutionGuid = {2C642046-B9AF-4C5F-BF90-8F315ABEAF6F}
	EndGlobalSection
EndGlobal
